
Microsoft Visual Studio Solution File, Format Version 12.00
# Visual Studio Version 17
VisualStudioVersion = 17.0.31903.59
MinimumVisualStudioVersion = 10.0.40219.1
Project("{FAE04EC0-301F-11D3-BF4B-00C04F79EFBC}") = "server", "server\server.csproj", "{603DA9E5-1C31-4D7C-9DA1-FFF6B86CFC5E}"
EndProject
Project("{FAE04EC0-301F-11D3-BF4B-00C04F79EFBC}") = "core", "core\core.csproj", "{D14D645F-C2E3-47FD-A523-BED087F26765}"
EndProject
Global
	GlobalSection(SolutionConfigurationPlatforms) = preSolution
		Debug|Any CPU = Debug|Any CPU
		Release|Any CPU = Release|Any CPU
	EndGlobalSection
	GlobalSection(SolutionProperties) = preSolution
		HideSolutionNode = FALSE
	EndGlobalSection
	GlobalSection(ProjectConfigurationPlatforms) = postSolution
		{603DA9E5-1C31-4D7C-9DA1-FFF6B86CFC5E}.Debug|Any CPU.ActiveCfg = Debug|Any CPU
		{603DA9E5-1C31-4D7C-9DA1-FFF6B86CFC5E}.Debug|Any CPU.Build.0 = Debug|Any CPU
		{603DA9E5-1C31-4D7C-9DA1-FFF6B86CFC5E}.Release|Any CPU.ActiveCfg = Release|Any CPU
		{603DA9E5-1C31-4D7C-9DA1-FFF6B86CFC5E}.Release|Any CPU.Build.0 = Release|Any CPU
		{D14D645F-C2E3-47FD-A523-BED087F26765}.Debug|Any CPU.ActiveCfg = Debug|Any CPU
		{D14D645F-C2E3-47FD-A523-BED087F26765}.Debug|Any CPU.Build.0 = Debug|Any CPU
		{D14D645F-C2E3-47FD-A523-BED087F26765}.Release|Any CPU.ActiveCfg = Release|Any CPU
		{D14D645F-C2E3-47FD-A523-BED087F26765}.Release|Any CPU.Build.0 = Release|Any CPU
	EndGlobalSection
EndGlobal
