
Microsoft Visual Studio Solution File, Format Version 12.00
# Visual Studio Version 17
VisualStudioVersion = 17.0.31903.59
MinimumVisualStudioVersion = 10.0.40219.1
Project("{FAE04EC0-301F-11D3-BF4B-00C04F79EFBC}") = "webapp", "webapp\webapp.csproj", "{F13376E0-8B0F-4782-9E43-1DAC038D3DEE}"
EndProject
Project("{FAE04EC0-301F-11D3-BF4B-00C04F79EFBC}") = "core", "core\core.csproj", "{08116FC4-B7DD-45BF-AC45-8C5B9C322AE2}"
EndProject
Global
	GlobalSection(SolutionConfigurationPlatforms) = preSolution
		Debug|Any CPU = Debug|Any CPU
		Release|Any CPU = Release|Any CPU
	EndGlobalSection
	GlobalSection(SolutionProperties) = preSolution
		HideSolutionNode = FALSE
	EndGlobalSection
	GlobalSection(ProjectConfigurationPlatforms) = postSolution
		{F13376E0-8B0F-4782-9E43-1DAC038D3DEE}.Debug|Any CPU.ActiveCfg = Debug|Any CPU
		{F13376E0-8B0F-4782-9E43-1DAC038D3DEE}.Debug|Any CPU.Build.0 = Debug|Any CPU
		{F13376E0-8B0F-4782-9E43-1DAC038D3DEE}.Release|Any CPU.ActiveCfg = Release|Any CPU
		{F13376E0-8B0F-4782-9E43-1DAC038D3DEE}.Release|Any CPU.Build.0 = Release|Any CPU
		{08116FC4-B7DD-45BF-AC45-8C5B9C322AE2}.Debug|Any CPU.ActiveCfg = Debug|Any CPU
		{08116FC4-B7DD-45BF-AC45-8C5B9C322AE2}.Debug|Any CPU.Build.0 = Debug|Any CPU
		{08116FC4-B7DD-45BF-AC45-8C5B9C322AE2}.Release|Any CPU.ActiveCfg = Release|Any CPU
		{08116FC4-B7DD-45BF-AC45-8C5B9C322AE2}.Release|Any CPU.Build.0 = Release|Any CPU
	EndGlobalSection
EndGlobal
